
Microsoft Visual Studio Solution File, Format Version 12.00
# Visual Studio Version 17
VisualStudioVersion = 17.14.37502.11 d17.14
MinimumVisualStudioVersion = 10.0.40219.1
Project("{FAE04EC0-301F-11D3-BF4B-00C04F79EFBC}") = "privet", "privet\privet.csproj", "{E11C7FF2-A473-4896-9B98-E4AAEB0CE3F5}"
EndProject
Global
	GlobalSection(SolutionConfigurationPlatforms) = preSolution
		Debug|Any CPU = Debug|Any CPU
		Release|Any CPU = Release|Any CPU
	EndGlobalSection
	GlobalSection(ProjectConfigurationPlatforms) = postSolution
		{E11C7FF2-A473-4896-9B98-E4AAEB0CE3F5}.Debug|Any CPU.ActiveCfg = Debug|Any CPU
		{E11C7FF2-A473-4896-9B98-E4AAEB0CE3F5}.Debug|Any CPU.Build.0 = Debug|Any CPU
		{E11C7FF2-A473-4896-9B98-E4AAEB0CE3F5}.Release|Any CPU.ActiveCfg = Release|Any CPU
		{E11C7FF2-A473-4896-9B98-E4AAEB0CE3F5}.Release|Any CPU.Build.0 = Release|Any CPU
	EndGlobalSection
	GlobalSection(SolutionProperties) = preSolution
		HideSolutionNode = FALSE
	EndGlobalSection
	GlobalSection(ExtensibilityGlobals) = postSolution
		SolutionGuid = {17E6B108-77ED-4B71-91AA-A89FA3C6D16A}
	EndGlobalSection
EndGlobal
